
Microsoft Visual Studio Solution File, Format Version 12.00
# Visual Studio Version 17
VisualStudioVersion = 17.4.33205.214
MinimumVisualStudioVersion = 10.0.40219.1
Project("{FAE04EC0-301F-11D3-BF4B-00C04F79EFBC}") = "Section02_Exercise_String2", "Section02_Exercise_String2.csproj", "{55D8A768-9714-4D34-A05E-DF04497979E6}"
EndProject
Global
	GlobalSection(SolutionConfigurationPlatforms) = preSolution
		Debug|Any CPU = Debug|Any CPU
		Release|Any CPU = Release|Any CPU
	EndGlobalSection
	GlobalSection(ProjectConfigurationPlatforms) = postSolution
		{55D8A768-9714-4D34-A05E-DF04497979E6}.Debug|Any CPU.ActiveCfg = Debug|Any CPU
		{55D8A768-9714-4D34-A05E-DF04497979E6}.Debug|Any CPU.Build.0 = Debug|Any CPU
		{55D8A768-9714-4D34-A05E-DF04497979E6}.Release|Any CPU.ActiveCfg = Release|Any CPU
		{55D8A768-9714-4D34-A05E-DF04497979E6}.Release|Any CPU.Build.0 = Release|Any CPU
	EndGlobalSection
	GlobalSection(SolutionProperties) = preSolution
		HideSolutionNode = FALSE
	EndGlobalSection
	GlobalSection(ExtensibilityGlobals) = postSolution
		SolutionGuid = {04B19091-FA22-4068-BE30-2D59BF94FD73}
	EndGlobalSection
EndGlobal
